
Microsoft Visual Studio Solution File, Format Version 12.00
# Visual Studio Version 17
VisualStudioVersion = 17.0.31903.59
MinimumVisualStudioVersion = 10.0.40219.1
Project("{9A19103F-16F7-4668-BE54-9A1E7A4F7556}") = "Moyou.Aspects.Memento", "Moyou.Aspects\Moyou.Aspects.Memento\Moyou.Aspects.Memento.csproj", "{5D94EA8C-2A35-49D7-A108-2712FDA6E573}"
EndProject
Project("{9A19103F-16F7-4668-BE54-9A1E7A4F7556}") = "Moyou.CompileTimeTest", "Moyou.Test\Moyou.CompileTimeTest.csproj", "{10604D51-0943-45AD-AC71-9EF0D461659F}"
EndProject
Project("{9A19103F-16F7-4668-BE54-9A1E7A4F7556}") = "Moyou.UnitTest", "Moyou.UnitTest\Moyou.UnitTest.csproj", "{35D02277-B9D9-47EB-ABEF-2935F3AAA7E8}"
EndProject
Project("{FAE04EC0-301F-11D3-BF4B-00C04F79EFBC}") = "Moyou.Extensions", "Moyou.Extensions\Moyou.Extensions.csproj", "{7B4157B3-04AF-4552-AA80-DAED15DA0C34}"
EndProject
Project("{2150E333-8FDC-42A3-9474-1A3956D46DE8}") = "Moyou.Aspects", "Moyou.Aspects", "{12BCCD59-0094-404A-9EA9-B2799EA6E608}"
EndProject
Project("{FAE04EC0-301F-11D3-BF4B-00C04F79EFBC}") = "Moyou.Aspects.Singleton", "Moyou.Aspects\Moyou.Aspects.Singleton\Moyou.Aspects.Singleton.csproj", "{35B48390-E209-4858-876D-22C1B6C98A07}"
EndProject
Project("{FAE04EC0-301F-11D3-BF4B-00C04F79EFBC}") = "Moyou.Diagnostics", "Moyou.Diagnostics\Moyou.Diagnostics.csproj", "{243A9CB0-E58E-4A0D-AF02-4E4B18B24A5E}"
EndProject
Project("{FAE04EC0-301F-11D3-BF4B-00C04F79EFBC}") = "Moyou.Aspects.Factory", "Moyou.Aspects\Moyou.Aspects.Factory\Moyou.Aspects.Factory.csproj", "{C6137E15-091A-4221-AB3D-218AD6BBE96B}"
EndProject
Project("{FAE04EC0-301F-11D3-BF4B-00C04F79EFBC}") = "Moyou.Aspects.UnsavedChanges", "Moyou.Aspects\Moyou.Aspects.UnsavedChanges\Moyou.Aspects.UnsavedChanges.csproj", "{2F05FD3A-8A3E-4560-95E5-70C428D176FC}"
EndProject
Global
	GlobalSection(SolutionConfigurationPlatforms) = preSolution
		Debug|Any CPU = Debug|Any CPU
		LamaDebug|Any CPU = LamaDebug|Any CPU
		Release|Any CPU = Release|Any CPU
	EndGlobalSection
	GlobalSection(ProjectConfigurationPlatforms) = postSolution
		{5D94EA8C-2A35-49D7-A108-2712FDA6E573}.Debug|Any CPU.ActiveCfg = Debug|Any CPU
		{5D94EA8C-2A35-49D7-A108-2712FDA6E573}.Debug|Any CPU.Build.0 = Debug|Any CPU
		{5D94EA8C-2A35-49D7-A108-2712FDA6E573}.LamaDebug|Any CPU.ActiveCfg = LamaDebug|Any CPU
		{5D94EA8C-2A35-49D7-A108-2712FDA6E573}.LamaDebug|Any CPU.Build.0 = LamaDebug|Any CPU
		{5D94EA8C-2A35-49D7-A108-2712FDA6E573}.Release|Any CPU.ActiveCfg = Release|Any CPU
		{5D94EA8C-2A35-49D7-A108-2712FDA6E573}.Release|Any CPU.Build.0 = Release|Any CPU
		{10604D51-0943-45AD-AC71-9EF0D461659F}.Debug|Any CPU.ActiveCfg = Debug|Any CPU
		{10604D51-0943-45AD-AC71-9EF0D461659F}.Debug|Any CPU.Build.0 = Debug|Any CPU
		{10604D51-0943-45AD-AC71-9EF0D461659F}.LamaDebug|Any CPU.ActiveCfg = LamaDebug|Any CPU
		{10604D51-0943-45AD-AC71-9EF0D461659F}.LamaDebug|Any CPU.Build.0 = LamaDebug|Any CPU
		{10604D51-0943-45AD-AC71-9EF0D461659F}.Release|Any CPU.ActiveCfg = Release|Any CPU
		{10604D51-0943-45AD-AC71-9EF0D461659F}.Release|Any CPU.Build.0 = Release|Any CPU
		{35D02277-B9D9-47EB-ABEF-2935F3AAA7E8}.Debug|Any CPU.ActiveCfg = Debug|Any CPU
		{35D02277-B9D9-47EB-ABEF-2935F3AAA7E8}.Debug|Any CPU.Build.0 = Debug|Any CPU
		{35D02277-B9D9-47EB-ABEF-2935F3AAA7E8}.LamaDebug|Any CPU.ActiveCfg = LamaDebug|Any CPU
		{35D02277-B9D9-47EB-ABEF-2935F3AAA7E8}.LamaDebug|Any CPU.Build.0 = LamaDebug|Any CPU
		{35D02277-B9D9-47EB-ABEF-2935F3AAA7E8}.Release|Any CPU.ActiveCfg = Release|Any CPU
		{35D02277-B9D9-47EB-ABEF-2935F3AAA7E8}.Release|Any CPU.Build.0 = Release|Any CPU
		{7B4157B3-04AF-4552-AA80-DAED15DA0C34}.Debug|Any CPU.ActiveCfg = Debug|Any CPU
		{7B4157B3-04AF-4552-AA80-DAED15DA0C34}.Debug|Any CPU.Build.0 = Debug|Any CPU
		{7B4157B3-04AF-4552-AA80-DAED15DA0C34}.LamaDebug|Any CPU.ActiveCfg = Debug|Any CPU
		{7B4157B3-04AF-4552-AA80-DAED15DA0C34}.LamaDebug|Any CPU.Build.0 = Debug|Any CPU
		{7B4157B3-04AF-4552-AA80-DAED15DA0C34}.Release|Any CPU.ActiveCfg = Release|Any CPU
		{7B4157B3-04AF-4552-AA80-DAED15DA0C34}.Release|Any CPU.Build.0 = Release|Any CPU
		{35B48390-E209-4858-876D-22C1B6C98A07}.Debug|Any CPU.ActiveCfg = Debug|Any CPU
		{35B48390-E209-4858-876D-22C1B6C98A07}.Debug|Any CPU.Build.0 = Debug|Any CPU
		{35B48390-E209-4858-876D-22C1B6C98A07}.LamaDebug|Any CPU.ActiveCfg = Debug|Any CPU
		{35B48390-E209-4858-876D-22C1B6C98A07}.LamaDebug|Any CPU.Build.0 = Debug|Any CPU
		{35B48390-E209-4858-876D-22C1B6C98A07}.Release|Any CPU.ActiveCfg = Release|Any CPU
		{35B48390-E209-4858-876D-22C1B6C98A07}.Release|Any CPU.Build.0 = Release|Any CPU
		{243A9CB0-E58E-4A0D-AF02-4E4B18B24A5E}.Debug|Any CPU.ActiveCfg = Debug|Any CPU
		{243A9CB0-E58E-4A0D-AF02-4E4B18B24A5E}.Debug|Any CPU.Build.0 = Debug|Any CPU
		{243A9CB0-E58E-4A0D-AF02-4E4B18B24A5E}.LamaDebug|Any CPU.ActiveCfg = Debug|Any CPU
		{243A9CB0-E58E-4A0D-AF02-4E4B18B24A5E}.LamaDebug|Any CPU.Build.0 = Debug|Any CPU
		{243A9CB0-E58E-4A0D-AF02-4E4B18B24A5E}.Release|Any CPU.ActiveCfg = Release|Any CPU
		{243A9CB0-E58E-4A0D-AF02-4E4B18B24A5E}.Release|Any CPU.Build.0 = Release|Any CPU
		{C6137E15-091A-4221-AB3D-218AD6BBE96B}.Debug|Any CPU.ActiveCfg = Debug|Any CPU
		{C6137E15-091A-4221-AB3D-218AD6BBE96B}.Debug|Any CPU.Build.0 = Debug|Any CPU
		{C6137E15-091A-4221-AB3D-218AD6BBE96B}.LamaDebug|Any CPU.ActiveCfg = Debug|Any CPU
		{C6137E15-091A-4221-AB3D-218AD6BBE96B}.LamaDebug|Any CPU.Build.0 = Debug|Any CPU
		{C6137E15-091A-4221-AB3D-218AD6BBE96B}.Release|Any CPU.ActiveCfg = Release|Any CPU
		{C6137E15-091A-4221-AB3D-218AD6BBE96B}.Release|Any CPU.Build.0 = Release|Any CPU
		{2F05FD3A-8A3E-4560-95E5-70C428D176FC}.Debug|Any CPU.ActiveCfg = Debug|Any CPU
		{2F05FD3A-8A3E-4560-95E5-70C428D176FC}.Debug|Any CPU.Build.0 = Debug|Any CPU
		{2F05FD3A-8A3E-4560-95E5-70C428D176FC}.LamaDebug|Any CPU.ActiveCfg = Debug|Any CPU
		{2F05FD3A-8A3E-4560-95E5-70C428D176FC}.LamaDebug|Any CPU.Build.0 = Debug|Any CPU
		{2F05FD3A-8A3E-4560-95E5-70C428D176FC}.Release|Any CPU.ActiveCfg = Release|Any CPU
		{2F05FD3A-8A3E-4560-95E5-70C428D176FC}.Release|Any CPU.Build.0 = Release|Any CPU
	EndGlobalSection
	GlobalSection(SolutionProperties) = preSolution
		HideSolutionNode = FALSE
	EndGlobalSection
	GlobalSection(ExtensibilityGlobals) = postSolution
		SolutionGuid = {7A625C07-196A-4D33-B66A-3A61CDB9557A}
	EndGlobalSection
	GlobalSection(NestedProjects) = preSolution
		{5D94EA8C-2A35-49D7-A108-2712FDA6E573} = {12BCCD59-0094-404A-9EA9-B2799EA6E608}
		{35B48390-E209-4858-876D-22C1B6C98A07} = {12BCCD59-0094-404A-9EA9-B2799EA6E608}
		{C6137E15-091A-4221-AB3D-218AD6BBE96B} = {12BCCD59-0094-404A-9EA9-B2799EA6E608}
		{2F05FD3A-8A3E-4560-95E5-70C428D176FC} = {12BCCD59-0094-404A-9EA9-B2799EA6E608}
	EndGlobalSection
EndGlobal
