
Microsoft Visual Studio Solution File, Format Version 12.00
# Visual Studio Version 17
VisualStudioVersion = 17.0.31903.59
MinimumVisualStudioVersion = 10.0.40219.1
Project("{9A19103F-16F7-4668-BE54-9A1E7A4F7556}") = "Moyou.Aspects", "Moyou.Aspects\Moyou.Aspects.csproj", "{5D94EA8C-2A35-49D7-A108-2712FDA6E573}"
EndProject
Project("{9A19103F-16F7-4668-BE54-9A1E7A4F7556}") = "Moyou.CompileTimeTest", "Moyou.Test\Moyou.CompileTimeTest.csproj", "{10604D51-0943-45AD-AC71-9EF0D461659F}"
EndProject
Project("{9A19103F-16F7-4668-BE54-9A1E7A4F7556}") = "Moyou.UnitTest", "Moyou.UnitTest\Moyou.UnitTest.csproj", "{35D02277-B9D9-47EB-ABEF-2935F3AAA7E8}"
EndProject
Global
	GlobalSection(SolutionConfigurationPlatforms) = preSolution
		Debug|Any CPU = Debug|Any CPU
		LamaDebug|Any CPU = LamaDebug|Any CPU
		Release|Any CPU = Release|Any CPU
	EndGlobalSection
	GlobalSection(ProjectConfigurationPlatforms) = postSolution
		{5D94EA8C-2A35-49D7-A108-2712FDA6E573}.Debug|Any CPU.ActiveCfg = Debug|Any CPU
		{5D94EA8C-2A35-49D7-A108-2712FDA6E573}.Debug|Any CPU.Build.0 = Debug|Any CPU
		{5D94EA8C-2A35-49D7-A108-2712FDA6E573}.LamaDebug|Any CPU.ActiveCfg = LamaDebug|Any CPU
		{5D94EA8C-2A35-49D7-A108-2712FDA6E573}.LamaDebug|Any CPU.Build.0 = LamaDebug|Any CPU
		{5D94EA8C-2A35-49D7-A108-2712FDA6E573}.Release|Any CPU.ActiveCfg = Release|Any CPU
		{5D94EA8C-2A35-49D7-A108-2712FDA6E573}.Release|Any CPU.Build.0 = Release|Any CPU
		{10604D51-0943-45AD-AC71-9EF0D461659F}.Debug|Any CPU.ActiveCfg = Debug|Any CPU
		{10604D51-0943-45AD-AC71-9EF0D461659F}.Debug|Any CPU.Build.0 = Debug|Any CPU
		{10604D51-0943-45AD-AC71-9EF0D461659F}.LamaDebug|Any CPU.ActiveCfg = LamaDebug|Any CPU
		{10604D51-0943-45AD-AC71-9EF0D461659F}.LamaDebug|Any CPU.Build.0 = LamaDebug|Any CPU
		{10604D51-0943-45AD-AC71-9EF0D461659F}.Release|Any CPU.ActiveCfg = Release|Any CPU
		{10604D51-0943-45AD-AC71-9EF0D461659F}.Release|Any CPU.Build.0 = Release|Any CPU
		{35D02277-B9D9-47EB-ABEF-2935F3AAA7E8}.Debug|Any CPU.ActiveCfg = Debug|Any CPU
		{35D02277-B9D9-47EB-ABEF-2935F3AAA7E8}.Debug|Any CPU.Build.0 = Debug|Any CPU
		{35D02277-B9D9-47EB-ABEF-2935F3AAA7E8}.LamaDebug|Any CPU.ActiveCfg = LamaDebug|Any CPU
		{35D02277-B9D9-47EB-ABEF-2935F3AAA7E8}.LamaDebug|Any CPU.Build.0 = LamaDebug|Any CPU
		{35D02277-B9D9-47EB-ABEF-2935F3AAA7E8}.Release|Any CPU.ActiveCfg = Release|Any CPU
		{35D02277-B9D9-47EB-ABEF-2935F3AAA7E8}.Release|Any CPU.Build.0 = Release|Any CPU
	EndGlobalSection
	GlobalSection(SolutionProperties) = preSolution
		HideSolutionNode = FALSE
	EndGlobalSection
	GlobalSection(ExtensibilityGlobals) = postSolution
		SolutionGuid = {7A625C07-196A-4D33-B66A-3A61CDB9557A}
	EndGlobalSection
EndGlobal
